
Microsoft Visual Studio Solution File, Format Version 12.00
# Visual Studio Version 16
VisualStudioVersion = 16.0.29519.181
MinimumVisualStudioVersion = 10.0.40219.1
Project("{FAE04EC0-301F-11D3-BF4B-00C04F79EFBC}") = "MyFinance", "MyFinance\MyFinance.csproj", "{3A321BA6-ABCD-4EE1-822D-4877EEBC993C}"
EndProject
Global
	GlobalSection(SolutionConfigurationPlatforms) = preSolution
		Debug|Any CPU = Debug|Any CPU
		Release|Any CPU = Release|Any CPU
	EndGlobalSection
	GlobalSection(ProjectConfigurationPlatforms) = postSolution
		{3A321BA6-ABCD-4EE1-822D-4877EEBC993C}.Debug|Any CPU.ActiveCfg = Debug|Any CPU
		{3A321BA6-ABCD-4EE1-822D-4877EEBC993C}.Debug|Any CPU.Build.0 = Debug|Any CPU
		{3A321BA6-ABCD-4EE1-822D-4877EEBC993C}.Release|Any CPU.ActiveCfg = Release|Any CPU
		{3A321BA6-ABCD-4EE1-822D-4877EEBC993C}.Release|Any CPU.Build.0 = Release|Any CPU
	EndGlobalSection
	GlobalSection(SolutionProperties) = preSolution
		HideSolutionNode = FALSE
	EndGlobalSection
	GlobalSection(ExtensibilityGlobals) = postSolution
		SolutionGuid = {D8BFF0C1-DF3E-4C9A-ADAF-C483F25BEB20}
	EndGlobalSection
EndGlobal
